
Microsoft Visual Studio Solution File, Format Version 12.00
# Visual Studio Version 17
VisualStudioVersion = 17.0.31903.59
MinimumVisualStudioVersion = 10.0.40219.1
Project("{6126867C-C8E3-4E13-B2C9-E31F0B57319C}") = "src", "src", "{F8A40ED3-3E39-46FD-B393-6288B169F71C}"
EndProject
Project("{6126867C-C8E3-4E13-B2C9-E31F0B57319C}") = "1-Services", "1-Services", "{7CE62A16-F27B-43A0-89F8-C6D8CF39F90D}"
EndProject
Project("{8BB8B4E9-2BA8-4C1E-A8AC-8567130FE6D3}") = "LocalizeStay.Payment.Api", "src\1-Services\LocalizeStay.Payment.Api\LocalizeStay.Payment.Api.csproj", "{B87A43D4-BAA4-44E1-9A40-933A0740DB9F}"
EndProject
Project("{6126867C-C8E3-4E13-B2C9-E31F0B57319C}") = "2-Application", "2-Application", "{5AB488B5-3B37-4E80-AEA6-65142ACC9D5E}"
EndProject
Project("{8BB8B4E9-2BA8-4C1E-A8AC-8567130FE6D3}") = "LocalizeStay.Payment.Application", "src\2-Application\LocalizeStay.Payment.Application\LocalizeStay.Payment.Application.csproj", "{69B05EA6-9E39-4B01-904B-86E3CE12F1EC}"
EndProject
Project("{6126867C-C8E3-4E13-B2C9-E31F0B57319C}") = "3-Domain", "3-Domain", "{215EB000-0830-4AB8-9390-A0293E251B33}"
EndProject
Project("{8BB8B4E9-2BA8-4C1E-A8AC-8567130FE6D3}") = "LocalizeStay.Payment.Domain", "src\3-Domain\LocalizeStay.Payment.Domain\LocalizeStay.Payment.Domain.csproj", "{B88270EA-D2AA-4AD0-AF59-66FEC85E3B97}"
EndProject
Project("{6126867C-C8E3-4E13-B2C9-E31F0B57319C}") = "4-Infra", "4-Infra", "{39166189-2348-4B9B-AB45-30A89B8859B0}"
EndProject
Project("{8BB8B4E9-2BA8-4C1E-A8AC-8567130FE6D3}") = "LocalizeStay.Payment.Infra", "src\4-Infra\LocalizeStay.Payment.Infra\LocalizeStay.Payment.Infra.csproj", "{4E4703D8-BE6D-4A65-A167-F07F6B02B9B9}"
EndProject
Project("{6126867C-C8E3-4E13-B2C9-E31F0B57319C}") = "tests", "tests", "{4955E255-8CC3-41B2-9D9D-27B873DE9133}"
EndProject
Project("{8BB8B4E9-2BA8-4C1E-A8AC-8567130FE6D3}") = "LocalizeStay.Payment.IntegrationTests", "tests\LocalizeStay.Payment.IntegrationTests\LocalizeStay.Payment.IntegrationTests.csproj", "{1786850D-754A-4E7E-AB8F-86AE33A493A0}"
EndProject
Global
	GlobalSection(SolutionConfigurationPlatforms) = preSolution
		Debug|Any CPU = Debug|Any CPU
		Debug|x64 = Debug|x64
		Debug|x86 = Debug|x86
		Release|Any CPU = Release|Any CPU
		Release|x64 = Release|x64
		Release|x86 = Release|x86
	EndGlobalSection
	GlobalSection(ProjectConfigurationPlatforms) = postSolution
		{B87A43D4-BAA4-44E1-9A40-933A0740DB9F}.Debug|Any CPU.ActiveCfg = Debug|Any CPU
		{B87A43D4-BAA4-44E1-9A40-933A0740DB9F}.Debug|Any CPU.Build.0 = Debug|Any CPU
		{B87A43D4-BAA4-44E1-9A40-933A0740DB9F}.Debug|x64.ActiveCfg = Debug|Any CPU
		{B87A43D4-BAA4-44E1-9A40-933A0740DB9F}.Debug|x64.Build.0 = Debug|Any CPU
		{B87A43D4-BAA4-44E1-9A40-933A0740DB9F}.Debug|x86.ActiveCfg = Debug|Any CPU
		{B87A43D4-BAA4-44E1-9A40-933A0740DB9F}.Debug|x86.Build.0 = Debug|Any CPU
		{B87A43D4-BAA4-44E1-9A40-933A0740DB9F}.Release|Any CPU.ActiveCfg = Release|Any CPU
		{B87A43D4-BAA4-44E1-9A40-933A0740DB9F}.Release|Any CPU.Build.0 = Release|Any CPU
		{B87A43D4-BAA4-44E1-9A40-933A0740DB9F}.Release|x64.ActiveCfg = Release|Any CPU
		{B87A43D4-BAA4-44E1-9A40-933A0740DB9F}.Release|x64.Build.0 = Release|Any CPU
		{B87A43D4-BAA4-44E1-9A40-933A0740DB9F}.Release|x86.ActiveCfg = Release|Any CPU
		{B87A43D4-BAA4-44E1-9A40-933A0740DB9F}.Release|x86.Build.0 = Release|Any CPU
		{69B05EA6-9E39-4B01-904B-86E3CE12F1EC}.Debug|Any CPU.ActiveCfg = Debug|Any CPU
		{69B05EA6-9E39-4B01-904B-86E3CE12F1EC}.Debug|Any CPU.Build.0 = Debug|Any CPU
		{69B05EA6-9E39-4B01-904B-86E3CE12F1EC}.Debug|x64.ActiveCfg = Debug|Any CPU
		{69B05EA6-9E39-4B01-904B-86E3CE12F1EC}.Debug|x64.Build.0 = Debug|Any CPU
		{69B05EA6-9E39-4B01-904B-86E3CE12F1EC}.Debug|x86.ActiveCfg = Debug|Any CPU
		{69B05EA6-9E39-4B01-904B-86E3CE12F1EC}.Debug|x86.Build.0 = Debug|Any CPU
		{69B05EA6-9E39-4B01-904B-86E3CE12F1EC}.Release|Any CPU.ActiveCfg = Release|Any CPU
		{69B05EA6-9E39-4B01-904B-86E3CE12F1EC}.Release|Any CPU.Build.0 = Release|Any CPU
		{69B05EA6-9E39-4B01-904B-86E3CE12F1EC}.Release|x64.ActiveCfg = Release|Any CPU
		{69B05EA6-9E39-4B01-904B-86E3CE12F1EC}.Release|x64.Build.0 = Release|Any CPU
		{69B05EA6-9E39-4B01-904B-86E3CE12F1EC}.Release|x86.ActiveCfg = Release|Any CPU
		{69B05EA6-9E39-4B01-904B-86E3CE12F1EC}.Release|x86.Build.0 = Release|Any CPU
		{B88270EA-D2AA-4AD0-AF59-66FEC85E3B97}.Debug|Any CPU.ActiveCfg = Debug|Any CPU
		{B88270EA-D2AA-4AD0-AF59-66FEC85E3B97}.Debug|Any CPU.Build.0 = Debug|Any CPU
		{B88270EA-D2AA-4AD0-AF59-66FEC85E3B97}.Debug|x64.ActiveCfg = Debug|Any CPU
		{B88270EA-D2AA-4AD0-AF59-66FEC85E3B97}.Debug|x64.Build.0 = Debug|Any CPU
		{B88270EA-D2AA-4AD0-AF59-66FEC85E3B97}.Debug|x86.ActiveCfg = Debug|Any CPU
		{B88270EA-D2AA-4AD0-AF59-66FEC85E3B97}.Debug|x86.Build.0 = Debug|Any CPU
		{B88270EA-D2AA-4AD0-AF59-66FEC85E3B97}.Release|Any CPU.ActiveCfg = Release|Any CPU
		{B88270EA-D2AA-4AD0-AF59-66FEC85E3B97}.Release|Any CPU.Build.0 = Release|Any CPU
		{B88270EA-D2AA-4AD0-AF59-66FEC85E3B97}.Release|x64.ActiveCfg = Release|Any CPU
		{B88270EA-D2AA-4AD0-AF59-66FEC85E3B97}.Release|x64.Build.0 = Release|Any CPU
		{B88270EA-D2AA-4AD0-AF59-66FEC85E3B97}.Release|x86.ActiveCfg = Release|Any CPU
		{B88270EA-D2AA-4AD0-AF59-66FEC85E3B97}.Release|x86.Build.0 = Release|Any CPU
		{4E4703D8-BE6D-4A65-A167-F07F6B02B9B9}.Debug|Any CPU.ActiveCfg = Debug|Any CPU
		{4E4703D8-BE6D-4A65-A167-F07F6B02B9B9}.Debug|Any CPU.Build.0 = Debug|Any CPU
		{4E4703D8-BE6D-4A65-A167-F07F6B02B9B9}.Debug|x64.ActiveCfg = Debug|Any CPU
		{4E4703D8-BE6D-4A65-A167-F07F6B02B9B9}.Debug|x64.Build.0 = Debug|Any CPU
		{4E4703D8-BE6D-4A65-A167-F07F6B02B9B9}.Debug|x86.ActiveCfg = Debug|Any CPU
		{4E4703D8-BE6D-4A65-A167-F07F6B02B9B9}.Debug|x86.Build.0 = Debug|Any CPU
		{4E4703D8-BE6D-4A65-A167-F07F6B02B9B9}.Release|Any CPU.ActiveCfg = Release|Any CPU
		{4E4703D8-BE6D-4A65-A167-F07F6B02B9B9}.Release|Any CPU.Build.0 = Release|Any CPU
		{4E4703D8-BE6D-4A65-A167-F07F6B02B9B9}.Release|x64.ActiveCfg = Release|Any CPU
		{4E4703D8-BE6D-4A65-A167-F07F6B02B9B9}.Release|x64.Build.0 = Release|Any CPU
		{4E4703D8-BE6D-4A65-A167-F07F6B02B9B9}.Release|x86.ActiveCfg = Release|Any CPU
		{4E4703D8-BE6D-4A65-A167-F07F6B02B9B9}.Release|x86.Build.0 = Release|Any CPU
		{1786850D-754A-4E7E-AB8F-86AE33A493A0}.Debug|Any CPU.ActiveCfg = Debug|Any CPU
		{1786850D-754A-4E7E-AB8F-86AE33A493A0}.Debug|Any CPU.Build.0 = Debug|Any CPU
		{1786850D-754A-4E7E-AB8F-86AE33A493A0}.Debug|x64.ActiveCfg = Debug|Any CPU
		{1786850D-754A-4E7E-AB8F-86AE33A493A0}.Debug|x64.Build.0 = Debug|Any CPU
		{1786850D-754A-4E7E-AB8F-86AE33A493A0}.Debug|x86.ActiveCfg = Debug|Any CPU
		{1786850D-754A-4E7E-AB8F-86AE33A493A0}.Debug|x86.Build.0 = Debug|Any CPU
		{1786850D-754A-4E7E-AB8F-86AE33A493A0}.Release|Any CPU.ActiveCfg = Release|Any CPU
		{1786850D-754A-4E7E-AB8F-86AE33A493A0}.Release|Any CPU.Build.0 = Release|Any CPU
		{1786850D-754A-4E7E-AB8F-86AE33A493A0}.Release|x64.ActiveCfg = Release|Any CPU
		{1786850D-754A-4E7E-AB8F-86AE33A493A0}.Release|x64.Build.0 = Release|Any CPU
		{1786850D-754A-4E7E-AB8F-86AE33A493A0}.Release|x86.ActiveCfg = Release|Any CPU
		{1786850D-754A-4E7E-AB8F-86AE33A493A0}.Release|x86.Build.0 = Release|Any CPU
	EndGlobalSection
	GlobalSection(SolutionProperties) = preSolution
		HideSolutionNode = FALSE
	EndGlobalSection
	GlobalSection(NestedProjects) = preSolution
		{7CE62A16-F27B-43A0-89F8-C6D8CF39F90D} = {F8A40ED3-3E39-46FD-B393-6288B169F71C}
		{B87A43D4-BAA4-44E1-9A40-933A0740DB9F} = {7CE62A16-F27B-43A0-89F8-C6D8CF39F90D}
		{5AB488B5-3B37-4E80-AEA6-65142ACC9D5E} = {F8A40ED3-3E39-46FD-B393-6288B169F71C}
		{69B05EA6-9E39-4B01-904B-86E3CE12F1EC} = {5AB488B5-3B37-4E80-AEA6-65142ACC9D5E}
		{215EB000-0830-4AB8-9390-A0293E251B33} = {F8A40ED3-3E39-46FD-B393-6288B169F71C}
		{B88270EA-D2AA-4AD0-AF59-66FEC85E3B97} = {215EB000-0830-4AB8-9390-A0293E251B33}
		{39166189-2348-4B9B-AB45-30A89B8859B0} = {F8A40ED3-3E39-46FD-B393-6288B169F71C}
		{4E4703D8-BE6D-4A65-A167-F07F6B02B9B9} = {39166189-2348-4B9B-AB45-30A89B8859B0}
		{1786850D-754A-4E7E-AB8F-86AE33A493A0} = {4955E255-8CC3-41B2-9D9D-27B873DE9133}
	EndGlobalSection
EndGlobal
